// !$*UTF8*$!
{
	archiveVersion = 1;
	classes = {
	};
	objectVersion = 56;
	objects = {

/* Begin PBXBuildFile section */
		EF21C86A294C5FD900E3661D /* AppDelegate.swift in Sources */ = {isa = PBXBuildFile; fileRef = EF21C869294C5FD900E3661D /* AppDelegate.swift */; };
		EF21C86C294C5FD900E3661D /* SceneDelegate.swift in Sources */ = {isa = PBXBuildFile; fileRef = EF21C86B294C5FD900E3661D /* SceneDelegate.swift */; };
		EF21C86E294C5FD900E3661D /* HomeViewController.swift in Sources */ = {isa = PBXBuildFile; fileRef = EF21C86D294C5FD900E3661D /* HomeViewController.swift */; };
		EF21C871294C5FD900E3661D /* Main.storyboard in Resources */ = {isa = PBXBuildFile; fileRef = EF21C86F294C5FD900E3661D /* Main.storyboard */; };
		EF21C873294C5FD900E3661D /* Assets.xcassets in Resources */ = {isa = PBXBuildFile; fileRef = EF21C872294C5FD900E3661D /* Assets.xcassets */; };
		EF21C876294C5FD900E3661D /* LaunchScreen.storyboard in Resources */ = {isa = PBXBuildFile; fileRef = EF21C874294C5FD900E3661D /* LaunchScreen.storyboard */; };
		EF21C884294C60F100E3661D /* DataManager.swift in Sources */ = {isa = PBXBuildFile; fileRef = EF21C883294C60F100E3661D /* DataManager.swift */; };
		EF21C886294C610000E3661D /* Movie.swift in Sources */ = {isa = PBXBuildFile; fileRef = EF21C885294C610000E3661D /* Movie.swift */; };
		EF21C888294C611000E3661D /* TVShow.swift in Sources */ = {isa = PBXBuildFile; fileRef = EF21C887294C611000E3661D /* TVShow.swift */; };
		EF21C88A294C611F00E3661D /* NetApiRequest.swift in Sources */ = {isa = PBXBuildFile; fileRef = EF21C889294C611F00E3661D /* NetApiRequest.swift */; };
		EF21C88C294C612C00E3661D /* NetRequestMovies.swift in Sources */ = {isa = PBXBuildFile; fileRef = EF21C88B294C612C00E3661D /* NetRequestMovies.swift */; };
		EF21C88E294C613800E3661D /* NetRequestActorCast.swift in Sources */ = {isa = PBXBuildFile; fileRef = EF21C88D294C613800E3661D /* NetRequestActorCast.swift */; };
		EF21C890294C614700E3661D /* NetRequestProtocol.swift in Sources */ = {isa = PBXBuildFile; fileRef = EF21C88F294C614700E3661D /* NetRequestProtocol.swift */; };
		EF21C892294C615200E3661D /* AppConsts.swift in Sources */ = {isa = PBXBuildFile; fileRef = EF21C891294C615200E3661D /* AppConsts.swift */; };
		EF21C894294C615E00E3661D /* DLog.swift in Sources */ = {isa = PBXBuildFile; fileRef = EF21C893294C615E00E3661D /* DLog.swift */; };
		EF21C896294C65D200E3661D /* LaunchViewController.swift in Sources */ = {isa = PBXBuildFile; fileRef = EF21C895294C65D200E3661D /* LaunchViewController.swift */; };
		EF21C898294C65F300E3661D /* DetailsViewController.swift in Sources */ = {isa = PBXBuildFile; fileRef = EF21C897294C65F300E3661D /* DetailsViewController.swift */; };
		EF21C89A294C68AE00E3661D /* DataLoader.swift in Sources */ = {isa = PBXBuildFile; fileRef = EF21C899294C68AE00E3661D /* DataLoader.swift */; };
		EF21C89C294C6ACC00E3661D /* MovieSection.swift in Sources */ = {isa = PBXBuildFile; fileRef = EF21C89B294C6ACC00E3661D /* MovieSection.swift */; };
		EF21C89F294C77BA00E3661D /* MovieCollectionViewCell.swift in Sources */ = {isa = PBXBuildFile; fileRef = EF21C89E294C77BA00E3661D /* MovieCollectionViewCell.swift */; };
		EF21C8A1294C77CF00E3661D /* TVShowCollectionViewCell.swift in Sources */ = {isa = PBXBuildFile; fileRef = EF21C8A0294C77CF00E3661D /* TVShowCollectionViewCell.swift */; };
		EF21C8A3294C801500E3661D /* NetRequestTVShows.swift in Sources */ = {isa = PBXBuildFile; fileRef = EF21C8A2294C801500E3661D /* NetRequestTVShows.swift */; };
		EF21C8A5294C809B00E3661D /* Details.swift in Sources */ = {isa = PBXBuildFile; fileRef = EF21C8A4294C809B00E3661D /* Details.swift */; };
		EF21C8A7294C88CF00E3661D /* ImageLoader.swift in Sources */ = {isa = PBXBuildFile; fileRef = EF21C8A6294C88CF00E3661D /* ImageLoader.swift */; };
		EF21C8A9294CB15F00E3661D /* CollectionHeader.swift in Sources */ = {isa = PBXBuildFile; fileRef = EF21C8A8294CB15F00E3661D /* CollectionHeader.swift */; };
		EFBFCCFB29505E190006DD79 /* Extensions.swift in Sources */ = {isa = PBXBuildFile; fileRef = EFBFCCFA29505E190006DD79 /* Extensions.swift */; };
		EFD7ADD42951B445002E47B5 /* RatingView.swift in Sources */ = {isa = PBXBuildFile; fileRef = EFD7ADD32951B445002E47B5 /* RatingView.swift */; };
		EFD7ADD62951D149002E47B5 /* HorizontalCollectionViewCell.swift in Sources */ = {isa = PBXBuildFile; fileRef = EFD7ADD52951D148002E47B5 /* HorizontalCollectionViewCell.swift */; };
/* End PBXBuildFile section */

/* Begin PBXFileReference section */
		EF21C866294C5FD900E3661D /* Movve.app */ = {isa = PBXFileReference; explicitFileType = wrapper.application; includeInIndex = 0; path = Movve.app; sourceTree = BUILT_PRODUCTS_DIR; };
		EF21C869294C5FD900E3661D /* AppDelegate.swift */ = {isa = PBXFileReference; lastKnownFileType = sourcecode.swift; path = AppDelegate.swift; sourceTree = "<group>"; };
		EF21C86B294C5FD900E3661D /* SceneDelegate.swift */ = {isa = PBXFileReference; lastKnownFileType = sourcecode.swift; path = SceneDelegate.swift; sourceTree = "<group>"; };
		EF21C86D294C5FD900E3661D /* HomeViewController.swift */ = {isa = PBXFileReference; lastKnownFileType = sourcecode.swift; path = HomeViewController.swift; sourceTree = "<group>"; };
		EF21C870294C5FD900E3661D /* Base */ = {isa = PBXFileReference; lastKnownFileType = file.storyboard; name = Base; path = Base.lproj/Main.storyboard; sourceTree = "<group>"; };
		EF21C872294C5FD900E3661D /* Assets.xcassets */ = {isa = PBXFileReference; lastKnownFileType = folder.assetcatalog; path = Assets.xcassets; sourceTree = "<group>"; };
		EF21C875294C5FD900E3661D /* Base */ = {isa = PBXFileReference; lastKnownFileType = file.storyboard; name = Base; path = Base.lproj/LaunchScreen.storyboard; sourceTree = "<group>"; };
		EF21C877294C5FD900E3661D /* Info.plist */ = {isa = PBXFileReference; lastKnownFileType = text.plist.xml; path = Info.plist; sourceTree = "<group>"; };
		EF21C883294C60F100E3661D /* DataManager.swift */ = {isa = PBXFileReference; lastKnownFileType = sourcecode.swift; path = DataManager.swift; sourceTree = "<group>"; };
		EF21C885294C610000E3661D /* Movie.swift */ = {isa = PBXFileReference; lastKnownFileType = sourcecode.swift; path = Movie.swift; sourceTree = "<group>"; };
		EF21C887294C611000E3661D /* TVShow.swift */ = {isa = PBXFileReference; lastKnownFileType = sourcecode.swift; path = TVShow.swift; sourceTree = "<group>"; };
		EF21C889294C611F00E3661D /* NetApiRequest.swift */ = {isa = PBXFileReference; lastKnownFileType = sourcecode.swift; path = NetApiRequest.swift; sourceTree = "<group>"; };
		EF21C88B294C612C00E3661D /* NetRequestMovies.swift */ = {isa = PBXFileReference; lastKnownFileType = sourcecode.swift; path = NetRequestMovies.swift; sourceTree = "<group>"; };
		EF21C88D294C613800E3661D /* NetRequestActorCast.swift */ = {isa = PBXFileReference; lastKnownFileType = sourcecode.swift; path = NetRequestActorCast.swift; sourceTree = "<group>"; };
		EF21C88F294C614700E3661D /* NetRequestProtocol.swift */ = {isa = PBXFileReference; lastKnownFileType = sourcecode.swift; path = NetRequestProtocol.swift; sourceTree = "<group>"; };
		EF21C891294C615200E3661D /* AppConsts.swift */ = {isa = PBXFileReference; lastKnownFileType = sourcecode.swift; path = AppConsts.swift; sourceTree = "<group>"; };
		EF21C893294C615E00E3661D /* DLog.swift */ = {isa = PBXFileReference; lastKnownFileType = sourcecode.swift; path = DLog.swift; sourceTree = "<group>"; };
		EF21C895294C65D200E3661D /* LaunchViewController.swift */ = {isa = PBXFileReference; lastKnownFileType = sourcecode.swift; path = LaunchViewController.swift; sourceTree = "<group>"; };
		EF21C897294C65F300E3661D /* DetailsViewController.swift */ = {isa = PBXFileReference; lastKnownFileType = sourcecode.swift; path = DetailsViewController.swift; sourceTree = "<group>"; };
		EF21C899294C68AE00E3661D /* DataLoader.swift */ = {isa = PBXFileReference; lastKnownFileType = sourcecode.swift; path = DataLoader.swift; sourceTree = "<group>"; };
		EF21C89B294C6ACC00E3661D /* MovieSection.swift */ = {isa = PBXFileReference; lastKnownFileType = sourcecode.swift; path = MovieSection.swift; sourceTree = "<group>"; };
		EF21C89E294C77BA00E3661D /* MovieCollectionViewCell.swift */ = {isa = PBXFileReference; lastKnownFileType = sourcecode.swift; path = MovieCollectionViewCell.swift; sourceTree = "<group>"; };
		EF21C8A0294C77CF00E3661D /* TVShowCollectionViewCell.swift */ = {isa = PBXFileReference; lastKnownFileType = sourcecode.swift; path = TVShowCollectionViewCell.swift; sourceTree = "<group>"; };
		EF21C8A2294C801500E3661D /* NetRequestTVShows.swift */ = {isa = PBXFileReference; lastKnownFileType = sourcecode.swift; path = NetRequestTVShows.swift; sourceTree = "<group>"; };
		EF21C8A4294C809B00E3661D /* Details.swift */ = {isa = PBXFileReference; lastKnownFileType = sourcecode.swift; path = Details.swift; sourceTree = "<group>"; };
		EF21C8A6294C88CF00E3661D /* ImageLoader.swift */ = {isa = PBXFileReference; lastKnownFileType = sourcecode.swift; path = ImageLoader.swift; sourceTree = "<group>"; };
		EF21C8A8294CB15F00E3661D /* CollectionHeader.swift */ = {isa = PBXFileReference; lastKnownFileType = sourcecode.swift; path = CollectionHeader.swift; sourceTree = "<group>"; };
		EFBFCCFA29505E190006DD79 /* Extensions.swift */ = {isa = PBXFileReference; lastKnownFileType = sourcecode.swift; path = Extensions.swift; sourceTree = "<group>"; };
		EFD7ADD32951B445002E47B5 /* RatingView.swift */ = {isa = PBXFileReference; lastKnownFileType = sourcecode.swift; path = RatingView.swift; sourceTree = "<group>"; };
		EFD7ADD52951D148002E47B5 /* HorizontalCollectionViewCell.swift */ = {isa = PBXFileReference; lastKnownFileType = sourcecode.swift; path = HorizontalCollectionViewCell.swift; sourceTree = "<group>"; };
/* End PBXFileReference section */

/* Begin PBXFrameworksBuildPhase section */
		EF21C863294C5FD900E3661D /* Frameworks */ = {
			isa = PBXFrameworksBuildPhase;
			buildActionMask = 2147483647;
			files = (
			);
			runOnlyForDeploymentPostprocessing = 0;
		};
/* End PBXFrameworksBuildPhase section */

/* Begin PBXGroup section */
		EF21C85D294C5FD900E3661D = {
			isa = PBXGroup;
			children = (
				EF21C868294C5FD900E3661D /* Movve */,
				EF21C867294C5FD900E3661D /* Products */,
			);
			sourceTree = "<group>";
		};
		EF21C867294C5FD900E3661D /* Products */ = {
			isa = PBXGroup;
			children = (
				EF21C866294C5FD900E3661D /* Movve.app */,
			);
			name = Products;
			sourceTree = "<group>";
		};
		EF21C868294C5FD900E3661D /* Movve */ = {
			isa = PBXGroup;
			children = (
				EF21C877294C5FD900E3661D /* Info.plist */,
				EF21C869294C5FD900E3661D /* AppDelegate.swift */,
				EF21C86B294C5FD900E3661D /* SceneDelegate.swift */,
				EF21C891294C615200E3661D /* AppConsts.swift */,
				EFBFCCFA29505E190006DD79 /* Extensions.swift */,
				EF21C893294C615E00E3661D /* DLog.swift */,
				EF21C87E294C5FF300E3661D /* Models */,
				EF21C87D294C5FE500E3661D /* DataManagers */,
				EF21C880294C600E00E3661D /* Controllers */,
				EF21C87F294C600100E3661D /* NetApi */,
				EF21C881294C602100E3661D /* Resources */,
			);
			path = Movve;
			sourceTree = "<group>";
		};
		EF21C87D294C5FE500E3661D /* DataManagers */ = {
			isa = PBXGroup;
			children = (
				EF21C883294C60F100E3661D /* DataManager.swift */,
				EF21C899294C68AE00E3661D /* DataLoader.swift */,
			);
			path = DataManagers;
			sourceTree = "<group>";
		};
		EF21C87E294C5FF300E3661D /* Models */ = {
			isa = PBXGroup;
			children = (
				EF21C89D294C779E00E3661D /* CollectionViewCells */,
				EF21C885294C610000E3661D /* Movie.swift */,
				EF21C887294C611000E3661D /* TVShow.swift */,
				EF21C8A4294C809B00E3661D /* Details.swift */,
				EFD7ADD32951B445002E47B5 /* RatingView.swift */,
			);
			path = Models;
			sourceTree = "<group>";
		};
		EF21C87F294C600100E3661D /* NetApi */ = {
			isa = PBXGroup;
			children = (
				EF21C889294C611F00E3661D /* NetApiRequest.swift */,
				EF21C88B294C612C00E3661D /* NetRequestMovies.swift */,
				EF21C8A2294C801500E3661D /* NetRequestTVShows.swift */,
				EF21C88D294C613800E3661D /* NetRequestActorCast.swift */,
				EF21C88F294C614700E3661D /* NetRequestProtocol.swift */,
				EF21C8A6294C88CF00E3661D /* ImageLoader.swift */,
			);
			path = NetApi;
			sourceTree = "<group>";
		};
		EF21C880294C600E00E3661D /* Controllers */ = {
			isa = PBXGroup;
			children = (
				EF21C895294C65D200E3661D /* LaunchViewController.swift */,
				EF21C86D294C5FD900E3661D /* HomeViewController.swift */,
				EF21C897294C65F300E3661D /* DetailsViewController.swift */,
			);
			path = Controllers;
			sourceTree = "<group>";
		};
		EF21C881294C602100E3661D /* Resources */ = {
			isa = PBXGroup;
			children = (
				EF21C872294C5FD900E3661D /* Assets.xcassets */,
				EF21C882294C603900E3661D /* Storyboards */,
			);
			path = Resources;
			sourceTree = "<group>";
		};
		EF21C882294C603900E3661D /* Storyboards */ = {
			isa = PBXGroup;
			children = (
				EF21C86F294C5FD900E3661D /* Main.storyboard */,
				EF21C874294C5FD900E3661D /* LaunchScreen.storyboard */,
			);
			path = Storyboards;
			sourceTree = "<group>";
		};
		EF21C89D294C779E00E3661D /* CollectionViewCells */ = {
			isa = PBXGroup;
			children = (
				EF21C89E294C77BA00E3661D /* MovieCollectionViewCell.swift */,
				EF21C8A0294C77CF00E3661D /* TVShowCollectionViewCell.swift */,
				EF21C89B294C6ACC00E3661D /* MovieSection.swift */,
				EF21C8A8294CB15F00E3661D /* CollectionHeader.swift */,
				EFD7ADD52951D148002E47B5 /* HorizontalCollectionViewCell.swift */,
			);
			path = CollectionViewCells;
			sourceTree = "<group>";
		};
/* End PBXGroup section */

/* Begin PBXNativeTarget section */
		EF21C865294C5FD900E3661D /* Movve */ = {
			isa = PBXNativeTarget;
			buildConfigurationList = EF21C87A294C5FD900E3661D /* Build configuration list for PBXNativeTarget "Movve" */;
			buildPhases = (
				EF21C862294C5FD900E3661D /* Sources */,
				EF21C863294C5FD900E3661D /* Frameworks */,
				EF21C864294C5FD900E3661D /* Resources */,
			);
			buildRules = (
			);
			dependencies = (
			);
			name = Movve;
			productName = Movve;
			productReference = EF21C866294C5FD900E3661D /* Movve.app */;
			productType = "com.apple.product-type.application";
		};
/* End PBXNativeTarget section */

/* Begin PBXProject section */
		EF21C85E294C5FD900E3661D /* Project object */ = {
			isa = PBXProject;
			attributes = {
				BuildIndependentTargetsInParallel = 1;
				LastSwiftUpdateCheck = 1420;
				LastUpgradeCheck = 1420;
				TargetAttributes = {
					EF21C865294C5FD900E3661D = {
						CreatedOnToolsVersion = 14.2;
					};
				};
			};
			buildConfigurationList = EF21C861294C5FD900E3661D /* Build configuration list for PBXProject "Movve" */;
			compatibilityVersion = "Xcode 14.0";
			developmentRegion = en;
			hasScannedForEncodings = 0;
			knownRegions = (
				en,
				Base,
			);
			mainGroup = EF21C85D294C5FD900E3661D;
			productRefGroup = EF21C867294C5FD900E3661D /* Products */;
			projectDirPath = "";
			projectRoot = "";
			targets = (
				EF21C865294C5FD900E3661D /* Movve */,
			);
		};
/* End PBXProject section */

/* Begin PBXResourcesBuildPhase section */
		EF21C864294C5FD900E3661D /* Resources */ = {
			isa = PBXResourcesBuildPhase;
			buildActionMask = 2147483647;
			files = (
				EF21C876294C5FD900E3661D /* LaunchScreen.storyboard in Resources */,
				EF21C873294C5FD900E3661D /* Assets.xcassets in Resources */,
				EF21C871294C5FD900E3661D /* Main.storyboard in Resources */,
			);
			runOnlyForDeploymentPostprocessing = 0;
		};
/* End PBXResourcesBuildPhase section */

/* Begin PBXSourcesBuildPhase section */
		EF21C862294C5FD900E3661D /* Sources */ = {
			isa = PBXSourcesBuildPhase;
			buildActionMask = 2147483647;
			files = (
				EFBFCCFB29505E190006DD79 /* Extensions.swift in Sources */,
				EF21C89F294C77BA00E3661D /* MovieCollectionViewCell.swift in Sources */,
				EF21C896294C65D200E3661D /* LaunchViewController.swift in Sources */,
				EFD7ADD42951B445002E47B5 /* RatingView.swift in Sources */,
				EF21C86E294C5FD900E3661D /* HomeViewController.swift in Sources */,
				EF21C8A1294C77CF00E3661D /* TVShowCollectionViewCell.swift in Sources */,
				EF21C89C294C6ACC00E3661D /* MovieSection.swift in Sources */,
				EF21C892294C615200E3661D /* AppConsts.swift in Sources */,
				EF21C8A5294C809B00E3661D /* Details.swift in Sources */,
				EF21C88A294C611F00E3661D /* NetApiRequest.swift in Sources */,
				EF21C894294C615E00E3661D /* DLog.swift in Sources */,
				EF21C8A7294C88CF00E3661D /* ImageLoader.swift in Sources */,
				EF21C89A294C68AE00E3661D /* DataLoader.swift in Sources */,
				EF21C884294C60F100E3661D /* DataManager.swift in Sources */,
				EF21C8A9294CB15F00E3661D /* CollectionHeader.swift in Sources */,
				EFD7ADD62951D149002E47B5 /* HorizontalCollectionViewCell.swift in Sources */,
				EF21C88E294C613800E3661D /* NetRequestActorCast.swift in Sources */,
				EF21C86A294C5FD900E3661D /* AppDelegate.swift in Sources */,
				EF21C890294C614700E3661D /* NetRequestProtocol.swift in Sources */,
				EF21C88C294C612C00E3661D /* NetRequestMovies.swift in Sources */,
				EF21C86C294C5FD900E3661D /* SceneDelegate.swift in Sources */,
				EF21C898294C65F300E3661D /* DetailsViewController.swift in Sources */,
				EF21C886294C610000E3661D /* Movie.swift in Sources */,
				EF21C8A3294C801500E3661D /* NetRequestTVShows.swift in Sources */,
				EF21C888294C611000E3661D /* TVShow.swift in Sources */,
			);
			runOnlyForDeploymentPostprocessing = 0;
		};
/* End PBXSourcesBuildPhase section */

/* Begin PBXVariantGroup section */
		EF21C86F294C5FD900E3661D /* Main.storyboard */ = {
			isa = PBXVariantGroup;
			children = (
				EF21C870294C5FD900E3661D /* Base */,
			);
			name = Main.storyboard;
			sourceTree = "<group>";
		};
		EF21C874294C5FD900E3661D /* LaunchScreen.storyboard */ = {
			isa = PBXVariantGroup;
			children = (
				EF21C875294C5FD900E3661D /* Base */,
			);
			name = LaunchScreen.storyboard;
			sourceTree = "<group>";
		};
/* End PBXVariantGroup section */

/* Begin XCBuildConfiguration section */
		EF21C878294C5FD900E3661D /* Debug */ = {
			isa = XCBuildConfiguration;
			buildSettings = {
				ALWAYS_SEARCH_USER_PATHS = NO;
				CLANG_ANALYZER_NONNULL = YES;
				CLANG_ANALYZER_NUMBER_OBJECT_CONVERSION = YES_AGGRESSIVE;
				CLANG_CXX_LANGUAGE_STANDARD = "gnu++20";
				CLANG_ENABLE_MODULES = YES;
				CLANG_ENABLE_OBJC_ARC = YES;
				CLANG_ENABLE_OBJC_WEAK = YES;
				CLANG_WARN_BLOCK_CAPTURE_AUTORELEASING = YES;
				CLANG_WARN_BOOL_CONVERSION = YES;
				CLANG_WARN_COMMA = YES;
				CLANG_WARN_CONSTANT_CONVERSION = YES;
				CLANG_WARN_DEPRECATED_OBJC_IMPLEMENTATIONS = YES;
				CLANG_WARN_DIRECT_OBJC_ISA_USAGE = YES_ERROR;
				CLANG_WARN_DOCUMENTATION_COMMENTS = YES;
				CLANG_WARN_EMPTY_BODY = YES;
				CLANG_WARN_ENUM_CONVERSION = YES;
				CLANG_WARN_INFINITE_RECURSION = YES;
				CLANG_WARN_INT_CONVERSION = YES;
				CLANG_WARN_NON_LITERAL_NULL_CONVERSION = YES;
				CLANG_WARN_OBJC_IMPLICIT_RETAIN_SELF = YES;
				CLANG_WARN_OBJC_LITERAL_CONVERSION = YES;
				CLANG_WARN_OBJC_ROOT_CLASS = YES_ERROR;
				CLANG_WARN_QUOTED_INCLUDE_IN_FRAMEWORK_HEADER = YES;
				CLANG_WARN_RANGE_LOOP_ANALYSIS = YES;
				CLANG_WARN_STRICT_PROTOTYPES = YES;
				CLANG_WARN_SUSPICIOUS_MOVE = YES;
				CLANG_WARN_UNGUARDED_AVAILABILITY = YES_AGGRESSIVE;
				CLANG_WARN_UNREACHABLE_CODE = YES;
				CLANG_WARN__DUPLICATE_METHOD_MATCH = YES;
				COPY_PHASE_STRIP = NO;
				DEBUG_INFORMATION_FORMAT = dwarf;
				ENABLE_STRICT_OBJC_MSGSEND = YES;
				ENABLE_TESTABILITY = YES;
				GCC_C_LANGUAGE_STANDARD = gnu11;
				GCC_DYNAMIC_NO_PIC = NO;
				GCC_NO_COMMON_BLOCKS = YES;
				GCC_OPTIMIZATION_LEVEL = 0;
				GCC_PREPROCESSOR_DEFINITIONS = (
					"DEBUG=1",
					"$(inherited)",
				);
				GCC_WARN_64_TO_32_BIT_CONVERSION = YES;
				GCC_WARN_ABOUT_RETURN_TYPE = YES_ERROR;
				GCC_WARN_UNDECLARED_SELECTOR = YES;
				GCC_WARN_UNINITIALIZED_AUTOS = YES_AGGRESSIVE;
				GCC_WARN_UNUSED_FUNCTION = YES;
				GCC_WARN_UNUSED_VARIABLE = YES;
				IPHONEOS_DEPLOYMENT_TARGET = 16.2;
				MTL_ENABLE_DEBUG_INFO = INCLUDE_SOURCE;
				MTL_FAST_MATH = YES;
				ONLY_ACTIVE_ARCH = YES;
				SDKROOT = iphoneos;
				SWIFT_ACTIVE_COMPILATION_CONDITIONS = DEBUG;
				SWIFT_OPTIMIZATION_LEVEL = "-Onone";
			};
			name = Debug;
		};
		EF21C879294C5FD900E3661D /* Release */ = {
			isa = XCBuildConfiguration;
			buildSettings = {
				ALWAYS_SEARCH_USER_PATHS = NO;
				CLANG_ANALYZER_NONNULL = YES;
				CLANG_ANALYZER_NUMBER_OBJECT_CONVERSION = YES_AGGRESSIVE;
				CLANG_CXX_LANGUAGE_STANDARD = "gnu++20";
				CLANG_ENABLE_MODULES = YES;
				CLANG_ENABLE_OBJC_ARC = YES;
				CLANG_ENABLE_OBJC_WEAK = YES;
				CLANG_WARN_BLOCK_CAPTURE_AUTORELEASING = YES;
				CLANG_WARN_BOOL_CONVERSION = YES;
				CLANG_WARN_COMMA = YES;
				CLANG_WARN_CONSTANT_CONVERSION = YES;
				CLANG_WARN_DEPRECATED_OBJC_IMPLEMENTATIONS = YES;
				CLANG_WARN_DIRECT_OBJC_ISA_USAGE = YES_ERROR;
				CLANG_WARN_DOCUMENTATION_COMMENTS = YES;
				CLANG_WARN_EMPTY_BODY = YES;
				CLANG_WARN_ENUM_CONVERSION = YES;
				CLANG_WARN_INFINITE_RECURSION = YES;
				CLANG_WARN_INT_CONVERSION = YES;
				CLANG_WARN_NON_LITERAL_NULL_CONVERSION = YES;
				CLANG_WARN_OBJC_IMPLICIT_RETAIN_SELF = YES;
				CLANG_WARN_OBJC_LITERAL_CONVERSION = YES;
				CLANG_WARN_OBJC_ROOT_CLASS = YES_ERROR;
				CLANG_WARN_QUOTED_INCLUDE_IN_FRAMEWORK_HEADER = YES;
				CLANG_WARN_RANGE_LOOP_ANALYSIS = YES;
				CLANG_WARN_STRICT_PROTOTYPES = YES;
				CLANG_WARN_SUSPICIOUS_MOVE = YES;
				CLANG_WARN_UNGUARDED_AVAILABILITY = YES_AGGRESSIVE;
				CLANG_WARN_UNREACHABLE_CODE = YES;
				CLANG_WARN__DUPLICATE_METHOD_MATCH = YES;
				COPY_PHASE_STRIP = NO;
				DEBUG_INFORMATION_FORMAT = "dwarf-with-dsym";
				ENABLE_NS_ASSERTIONS = NO;
				ENABLE_STRICT_OBJC_MSGSEND = YES;
				GCC_C_LANGUAGE_STANDARD = gnu11;
				GCC_NO_COMMON_BLOCKS = YES;
				GCC_WARN_64_TO_32_BIT_CONVERSION = YES;
				GCC_WARN_ABOUT_RETURN_TYPE = YES_ERROR;
				GCC_WARN_UNDECLARED_SELECTOR = YES;
				GCC_WARN_UNINITIALIZED_AUTOS = YES_AGGRESSIVE;
				GCC_WARN_UNUSED_FUNCTION = YES;
				GCC_WARN_UNUSED_VARIABLE = YES;
				IPHONEOS_DEPLOYMENT_TARGET = 16.2;
				MTL_ENABLE_DEBUG_INFO = NO;
				MTL_FAST_MATH = YES;
				SDKROOT = iphoneos;
				SWIFT_COMPILATION_MODE = wholemodule;
				SWIFT_OPTIMIZATION_LEVEL = "-O";
				VALIDATE_PRODUCT = YES;
			};
			name = Release;
		};
		EF21C87B294C5FD900E3661D /* Debug */ = {
			isa = XCBuildConfiguration;
			buildSettings = {
				ASSETCATALOG_COMPILER_APPICON_NAME = AppIcon;
				ASSETCATALOG_COMPILER_GLOBAL_ACCENT_COLOR_NAME = AccentColor;
				CODE_SIGN_STYLE = Automatic;
				CURRENT_PROJECT_VERSION = 1;
				DEVELOPMENT_TEAM = T6G9TGF6UU;
				GENERATE_INFOPLIST_FILE = YES;
				INFOPLIST_FILE = Movve/Info.plist;
				INFOPLIST_KEY_UIApplicationSupportsIndirectInputEvents = YES;
				INFOPLIST_KEY_UILaunchStoryboardName = LaunchScreen;
				INFOPLIST_KEY_UIMainStoryboardFile = Main;
				INFOPLIST_KEY_UIStatusBarStyle = "";
				INFOPLIST_KEY_UISupportedInterfaceOrientations = UIInterfaceOrientationPortrait;
				INFOPLIST_KEY_UISupportedInterfaceOrientations_iPad = "UIInterfaceOrientationLandscapeLeft UIInterfaceOrientationLandscapeRight UIInterfaceOrientationPortrait UIInterfaceOrientationPortraitUpsideDown";
				INFOPLIST_KEY_UIUserInterfaceStyle = Dark;
				IPHONEOS_DEPLOYMENT_TARGET = 14.0;
				LD_RUNPATH_SEARCH_PATHS = (
					"$(inherited)",
					"@executable_path/Frameworks",
				);
				MARKETING_VERSION = 1.0;
				PRODUCT_BUNDLE_IDENTIFIER = com.FrukTiK.Movve;
				PRODUCT_NAME = "$(TARGET_NAME)";
				SUPPORTED_PLATFORMS = "iphoneos iphonesimulator";
				SUPPORTS_MACCATALYST = NO;
				SUPPORTS_MAC_DESIGNED_FOR_IPHONE_IPAD = NO;
				SWIFT_EMIT_LOC_STRINGS = YES;
				SWIFT_VERSION = 5.0;
				TARGETED_DEVICE_FAMILY = 1;
			};
			name = Debug;
		};
		EF21C87C294C5FD900E3661D /* Release */ = {
			isa = XCBuildConfiguration;
			buildSettings = {
				ASSETCATALOG_COMPILER_APPICON_NAME = AppIcon;
				ASSETCATALOG_COMPILER_GLOBAL_ACCENT_COLOR_NAME = AccentColor;
				CODE_SIGN_STYLE = Automatic;
				CURRENT_PROJECT_VERSION = 1;
				DEVELOPMENT_TEAM = T6G9TGF6UU;
				GENERATE_INFOPLIST_FILE = YES;
				INFOPLIST_FILE = Movve/Info.plist;
				INFOPLIST_KEY_UIApplicationSupportsIndirectInputEvents = YES;
				INFOPLIST_KEY_UILaunchStoryboardName = LaunchScreen;
				INFOPLIST_KEY_UIMainStoryboardFile = Main;
				INFOPLIST_KEY_UIStatusBarStyle = "";
				INFOPLIST_KEY_UISupportedInterfaceOrientations = UIInterfaceOrientationPortrait;
				INFOPLIST_KEY_UISupportedInterfaceOrientations_iPad = "UIInterfaceOrientationLandscapeLeft UIInterfaceOrientationLandscapeRight UIInterfaceOrientationPortrait UIInterfaceOrientationPortraitUpsideDown";
				INFOPLIST_KEY_UIUserInterfaceStyle = Dark;
				IPHONEOS_DEPLOYMENT_TARGET = 14.0;
				LD_RUNPATH_SEARCH_PATHS = (
					"$(inherited)",
					"@executable_path/Frameworks",
				);
				MARKETING_VERSION = 1.0;
				PRODUCT_BUNDLE_IDENTIFIER = com.FrukTiK.Movve;
				PRODUCT_NAME = "$(TARGET_NAME)";
				SUPPORTED_PLATFORMS = "iphoneos iphonesimulator";
				SUPPORTS_MACCATALYST = NO;
				SUPPORTS_MAC_DESIGNED_FOR_IPHONE_IPAD = NO;
				SWIFT_EMIT_LOC_STRINGS = YES;
				SWIFT_VERSION = 5.0;
				TARGETED_DEVICE_FAMILY = 1;
			};
			name = Release;
		};
/* End XCBuildConfiguration section */

/* Begin XCConfigurationList section */
		EF21C861294C5FD900E3661D /* Build configuration list for PBXProject "Movve" */ = {
			isa = XCConfigurationList;
			buildConfigurations = (
				EF21C878294C5FD900E3661D /* Debug */,
				EF21C879294C5FD900E3661D /* Release */,
			);
			defaultConfigurationIsVisible = 0;
			defaultConfigurationName = Release;
		};
		EF21C87A294C5FD900E3661D /* Build configuration list for PBXNativeTarget "Movve" */ = {
			isa = XCConfigurationList;
			buildConfigurations = (
				EF21C87B294C5FD900E3661D /* Debug */,
				EF21C87C294C5FD900E3661D /* Release */,
			);
			defaultConfigurationIsVisible = 0;
			defaultConfigurationName = Release;
		};
/* End XCConfigurationList section */
	};
	rootObject = EF21C85E294C5FD900E3661D /* Project object */;
}
