// !$*UTF8*$!
{
	archiveVersion = 1;
	classes = {
	};
	objectVersion = 56;
	objects = {

/* Begin PBXBuildFile section */
		EF21C86A294C5FD900E3661D /* AppDelegate.swift in Sources */ = {isa = PBXBuildFile; fileRef = EF21C869294C5FD900E3661D /* AppDelegate.swift */; };
		EF21C86C294C5FD900E3661D /* SceneDelegate.swift in Sources */ = {isa = PBXBuildFile; fileRef = EF21C86B294C5FD900E3661D /* SceneDelegate.swift */; };
		EF21C86E294C5FD900E3661D /* HomeViewController.swift in Sources */ = {isa = PBXBuildFile; fileRef = EF21C86D294C5FD900E3661D /* HomeViewController.swift */; };
		EF21C871294C5FD900E3661D /* Main.storyboard in Resources */ = {isa = PBXBuildFile; fileRef = EF21C86F294C5FD900E3661D /* Main.storyboard */; };
		EF21C873294C5FD900E3661D /* Assets.xcassets in Resources */ = {isa = PBXBuildFile; fileRef = EF21C872294C5FD900E3661D /* Assets.xcassets */; };
		EF21C876294C5FD900E3661D /* LaunchScreen.storyboard in Resources */ = {isa = PBXBuildFile; fileRef = EF21C874294C5FD900E3661D /* LaunchScreen.storyboard */; };
		EF21C886294C610000E3661D /* Movie.swift in Sources */ = {isa = PBXBuildFile; fileRef = EF21C885294C610000E3661D /* Movie.swift */; };
		EF21C888294C611000E3661D /* TVShow.swift in Sources */ = {isa = PBXBuildFile; fileRef = EF21C887294C611000E3661D /* TVShow.swift */; };
		EF21C892294C615200E3661D /* AppConsts.swift in Sources */ = {isa = PBXBuildFile; fileRef = EF21C891294C615200E3661D /* AppConsts.swift */; };
		EF21C894294C615E00E3661D /* DLog.swift in Sources */ = {isa = PBXBuildFile; fileRef = EF21C893294C615E00E3661D /* DLog.swift */; };
		EF21C898294C65F300E3661D /* DetailsViewController.swift in Sources */ = {isa = PBXBuildFile; fileRef = EF21C897294C65F300E3661D /* DetailsViewController.swift */; };
		EF21C8A1294C77CF00E3661D /* HomePageCollectionViewCell.swift in Sources */ = {isa = PBXBuildFile; fileRef = EF21C8A0294C77CF00E3661D /* HomePageCollectionViewCell.swift */; };
		EF21C8A9294CB15F00E3661D /* CollectionHeader.swift in Sources */ = {isa = PBXBuildFile; fileRef = EF21C8A8294CB15F00E3661D /* CollectionHeader.swift */; };
		EF30A9B129802B2D00F9EB72 /* PopUpPanelTransition.swift in Sources */ = {isa = PBXBuildFile; fileRef = EF30A9B029802B2D00F9EB72 /* PopUpPanelTransition.swift */; };
		EF30A9B32980306F00F9EB72 /* PresentationController.swift in Sources */ = {isa = PBXBuildFile; fileRef = EF30A9B22980306F00F9EB72 /* PresentationController.swift */; };
		EF30A9B5298031D100F9EB72 /* DimmPresentationController.swift in Sources */ = {isa = PBXBuildFile; fileRef = EF30A9B4298031D100F9EB72 /* DimmPresentationController.swift */; };
		EF30A9B7298033EC00F9EB72 /* PresentAnimation.swift in Sources */ = {isa = PBXBuildFile; fileRef = EF30A9B6298033EC00F9EB72 /* PresentAnimation.swift */; };
		EF30A9B9298035AD00F9EB72 /* DismissAnimation.swift in Sources */ = {isa = PBXBuildFile; fileRef = EF30A9B8298035AD00F9EB72 /* DismissAnimation.swift */; };
		EF3C242D295DD80800AD6A7A /* NetApiFacade.swift in Sources */ = {isa = PBXBuildFile; fileRef = EF3C242C295DD80800AD6A7A /* NetApiFacade.swift */; };
		EF3C242F295DE9E500AD6A7A /* NetParseCinemaItems.swift in Sources */ = {isa = PBXBuildFile; fileRef = EF3C242E295DE9E500AD6A7A /* NetParseCinemaItems.swift */; };
		EF3C2433295DED1500AD6A7A /* NetImageLoader.swift in Sources */ = {isa = PBXBuildFile; fileRef = EF3C2432295DED1500AD6A7A /* NetImageLoader.swift */; };
		EF7694D5296C415100F4CC96 /* URLSessionManager.swift in Sources */ = {isa = PBXBuildFile; fileRef = EF7694D4296C415100F4CC96 /* URLSessionManager.swift */; };
		EF816A72297FD56C00A57A1A /* TransitionAnimator.swift in Sources */ = {isa = PBXBuildFile; fileRef = EF816A71297FD56C00A57A1A /* TransitionAnimator.swift */; };
		EF816A74297FD67900A57A1A /* NavigationControllerDelegate.swift in Sources */ = {isa = PBXBuildFile; fileRef = EF816A73297FD67900A57A1A /* NavigationControllerDelegate.swift */; };
		EF816A77297FF79F00A57A1A /* LoadingAnimator.swift in Sources */ = {isa = PBXBuildFile; fileRef = EF816A76297FF79F00A57A1A /* LoadingAnimator.swift */; };
		EF816A7C298029F800A57A1A /* CommonPopUpViewController.swift in Sources */ = {isa = PBXBuildFile; fileRef = EF816A7B298029F800A57A1A /* CommonPopUpViewController.swift */; };
		EFBE736B295AF489009A5AAD /* AppNetConfig.swift in Sources */ = {isa = PBXBuildFile; fileRef = EFBE736A295AF489009A5AAD /* AppNetConfig.swift */; };
		EFBFCCFB29505E190006DD79 /* Extensions.swift in Sources */ = {isa = PBXBuildFile; fileRef = EFBFCCFA29505E190006DD79 /* Extensions.swift */; };
		EFD4429B295ED29500EA6775 /* NetParseDetails.swift in Sources */ = {isa = PBXBuildFile; fileRef = EFD4429A295ED29500EA6775 /* NetParseDetails.swift */; };
		EFD4429D295ED64300EA6775 /* NetRequester.swift in Sources */ = {isa = PBXBuildFile; fileRef = EFD4429C295ED64300EA6775 /* NetRequester.swift */; };
		EFD442A1295EDE5800EA6775 /* NetRequestActorCast.swift in Sources */ = {isa = PBXBuildFile; fileRef = EFD442A0295EDE5800EA6775 /* NetRequestActorCast.swift */; };
		EFD442A8295EF91600EA6775 /* DI.swift in Sources */ = {isa = PBXBuildFile; fileRef = EFD442A7295EF91600EA6775 /* DI.swift */; };
		EFD442AA295EF92800EA6775 /* URLGenerator.swift in Sources */ = {isa = PBXBuildFile; fileRef = EFD442A9295EF92800EA6775 /* URLGenerator.swift */; };
		EFD442AC295F2C3000EA6775 /* NetDataParser.swift in Sources */ = {isa = PBXBuildFile; fileRef = EFD442AB295F2C3000EA6775 /* NetDataParser.swift */; };
		EFD7ADD62951D149002E47B5 /* CastHorizontalCollectionViewCell.swift in Sources */ = {isa = PBXBuildFile; fileRef = EFD7ADD52951D148002E47B5 /* CastHorizontalCollectionViewCell.swift */; };
		EFE198A62971586200416997 /* CinemaItem.swift in Sources */ = {isa = PBXBuildFile; fileRef = EFE198A52971586200416997 /* CinemaItem.swift */; };
/* End PBXBuildFile section */

/* Begin PBXFileReference section */
		EF21C866294C5FD900E3661D /* Movve.app */ = {isa = PBXFileReference; explicitFileType = wrapper.application; includeInIndex = 0; path = Movve.app; sourceTree = BUILT_PRODUCTS_DIR; };
		EF21C869294C5FD900E3661D /* AppDelegate.swift */ = {isa = PBXFileReference; lastKnownFileType = sourcecode.swift; path = AppDelegate.swift; sourceTree = "<group>"; };
		EF21C86B294C5FD900E3661D /* SceneDelegate.swift */ = {isa = PBXFileReference; lastKnownFileType = sourcecode.swift; path = SceneDelegate.swift; sourceTree = "<group>"; };
		EF21C86D294C5FD900E3661D /* HomeViewController.swift */ = {isa = PBXFileReference; lastKnownFileType = sourcecode.swift; path = HomeViewController.swift; sourceTree = "<group>"; };
		EF21C870294C5FD900E3661D /* Base */ = {isa = PBXFileReference; lastKnownFileType = file.storyboard; name = Base; path = Base.lproj/Main.storyboard; sourceTree = "<group>"; };
		EF21C872294C5FD900E3661D /* Assets.xcassets */ = {isa = PBXFileReference; lastKnownFileType = folder.assetcatalog; path = Assets.xcassets; sourceTree = "<group>"; };
		EF21C875294C5FD900E3661D /* Base */ = {isa = PBXFileReference; lastKnownFileType = file.storyboard; name = Base; path = Base.lproj/LaunchScreen.storyboard; sourceTree = "<group>"; };
		EF21C877294C5FD900E3661D /* Info.plist */ = {isa = PBXFileReference; lastKnownFileType = text.plist.xml; path = Info.plist; sourceTree = "<group>"; };
		EF21C885294C610000E3661D /* Movie.swift */ = {isa = PBXFileReference; lastKnownFileType = sourcecode.swift; path = Movie.swift; sourceTree = "<group>"; };
		EF21C887294C611000E3661D /* TVShow.swift */ = {isa = PBXFileReference; lastKnownFileType = sourcecode.swift; path = TVShow.swift; sourceTree = "<group>"; };
		EF21C891294C615200E3661D /* AppConsts.swift */ = {isa = PBXFileReference; lastKnownFileType = sourcecode.swift; path = AppConsts.swift; sourceTree = "<group>"; };
		EF21C893294C615E00E3661D /* DLog.swift */ = {isa = PBXFileReference; lastKnownFileType = sourcecode.swift; path = DLog.swift; sourceTree = "<group>"; };
		EF21C897294C65F300E3661D /* DetailsViewController.swift */ = {isa = PBXFileReference; lastKnownFileType = sourcecode.swift; path = DetailsViewController.swift; sourceTree = "<group>"; };
		EF21C8A0294C77CF00E3661D /* HomePageCollectionViewCell.swift */ = {isa = PBXFileReference; lastKnownFileType = sourcecode.swift; path = HomePageCollectionViewCell.swift; sourceTree = "<group>"; };
		EF21C8A8294CB15F00E3661D /* CollectionHeader.swift */ = {isa = PBXFileReference; lastKnownFileType = sourcecode.swift; path = CollectionHeader.swift; sourceTree = "<group>"; };
		EF30A9B029802B2D00F9EB72 /* PopUpPanelTransition.swift */ = {isa = PBXFileReference; lastKnownFileType = sourcecode.swift; path = PopUpPanelTransition.swift; sourceTree = "<group>"; };
		EF30A9B22980306F00F9EB72 /* PresentationController.swift */ = {isa = PBXFileReference; lastKnownFileType = sourcecode.swift; path = PresentationController.swift; sourceTree = "<group>"; };
		EF30A9B4298031D100F9EB72 /* DimmPresentationController.swift */ = {isa = PBXFileReference; lastKnownFileType = sourcecode.swift; path = DimmPresentationController.swift; sourceTree = "<group>"; };
		EF30A9B6298033EC00F9EB72 /* PresentAnimation.swift */ = {isa = PBXFileReference; lastKnownFileType = sourcecode.swift; path = PresentAnimation.swift; sourceTree = "<group>"; };
		EF30A9B8298035AD00F9EB72 /* DismissAnimation.swift */ = {isa = PBXFileReference; lastKnownFileType = sourcecode.swift; path = DismissAnimation.swift; sourceTree = "<group>"; };
		EF3C242C295DD80800AD6A7A /* NetApiFacade.swift */ = {isa = PBXFileReference; lastKnownFileType = sourcecode.swift; path = NetApiFacade.swift; sourceTree = "<group>"; };
		EF3C242E295DE9E500AD6A7A /* NetParseCinemaItems.swift */ = {isa = PBXFileReference; lastKnownFileType = sourcecode.swift; path = NetParseCinemaItems.swift; sourceTree = "<group>"; };
		EF3C2432295DED1500AD6A7A /* NetImageLoader.swift */ = {isa = PBXFileReference; lastKnownFileType = sourcecode.swift; path = NetImageLoader.swift; sourceTree = "<group>"; };
		EF7694D4296C415100F4CC96 /* URLSessionManager.swift */ = {isa = PBXFileReference; lastKnownFileType = sourcecode.swift; path = URLSessionManager.swift; sourceTree = "<group>"; };
		EF816A71297FD56C00A57A1A /* TransitionAnimator.swift */ = {isa = PBXFileReference; lastKnownFileType = sourcecode.swift; path = TransitionAnimator.swift; sourceTree = "<group>"; };
		EF816A73297FD67900A57A1A /* NavigationControllerDelegate.swift */ = {isa = PBXFileReference; lastKnownFileType = sourcecode.swift; path = NavigationControllerDelegate.swift; sourceTree = "<group>"; };
		EF816A76297FF79F00A57A1A /* LoadingAnimator.swift */ = {isa = PBXFileReference; lastKnownFileType = sourcecode.swift; path = LoadingAnimator.swift; sourceTree = "<group>"; };
		EF816A7B298029F800A57A1A /* CommonPopUpViewController.swift */ = {isa = PBXFileReference; lastKnownFileType = sourcecode.swift; path = CommonPopUpViewController.swift; sourceTree = "<group>"; };
		EFBE736A295AF489009A5AAD /* AppNetConfig.swift */ = {isa = PBXFileReference; lastKnownFileType = sourcecode.swift; path = AppNetConfig.swift; sourceTree = "<group>"; };
		EFBFCCFA29505E190006DD79 /* Extensions.swift */ = {isa = PBXFileReference; lastKnownFileType = sourcecode.swift; path = Extensions.swift; sourceTree = "<group>"; };
		EFD4429A295ED29500EA6775 /* NetParseDetails.swift */ = {isa = PBXFileReference; lastKnownFileType = sourcecode.swift; path = NetParseDetails.swift; sourceTree = "<group>"; };
		EFD4429C295ED64300EA6775 /* NetRequester.swift */ = {isa = PBXFileReference; lastKnownFileType = sourcecode.swift; path = NetRequester.swift; sourceTree = "<group>"; };
		EFD442A0295EDE5800EA6775 /* NetRequestActorCast.swift */ = {isa = PBXFileReference; lastKnownFileType = sourcecode.swift; path = NetRequestActorCast.swift; sourceTree = "<group>"; };
		EFD442A7295EF91600EA6775 /* DI.swift */ = {isa = PBXFileReference; lastKnownFileType = sourcecode.swift; path = DI.swift; sourceTree = "<group>"; };
		EFD442A9295EF92800EA6775 /* URLGenerator.swift */ = {isa = PBXFileReference; lastKnownFileType = sourcecode.swift; path = URLGenerator.swift; sourceTree = "<group>"; };
		EFD442AB295F2C3000EA6775 /* NetDataParser.swift */ = {isa = PBXFileReference; lastKnownFileType = sourcecode.swift; path = NetDataParser.swift; sourceTree = "<group>"; };
		EFD7ADD52951D148002E47B5 /* CastHorizontalCollectionViewCell.swift */ = {isa = PBXFileReference; lastKnownFileType = sourcecode.swift; path = CastHorizontalCollectionViewCell.swift; sourceTree = "<group>"; };
		EFE198A52971586200416997 /* CinemaItem.swift */ = {isa = PBXFileReference; lastKnownFileType = sourcecode.swift; path = CinemaItem.swift; sourceTree = "<group>"; };
/* End PBXFileReference section */

/* Begin PBXFrameworksBuildPhase section */
		EF21C863294C5FD900E3661D /* Frameworks */ = {
			isa = PBXFrameworksBuildPhase;
			buildActionMask = 2147483647;
			files = (
			);
			runOnlyForDeploymentPostprocessing = 0;
		};
/* End PBXFrameworksBuildPhase section */

/* Begin PBXGroup section */
		EF21C85D294C5FD900E3661D = {
			isa = PBXGroup;
			children = (
				EF21C868294C5FD900E3661D /* Movve */,
				EF21C867294C5FD900E3661D /* Products */,
			);
			sourceTree = "<group>";
		};
		EF21C867294C5FD900E3661D /* Products */ = {
			isa = PBXGroup;
			children = (
				EF21C866294C5FD900E3661D /* Movve.app */,
			);
			name = Products;
			sourceTree = "<group>";
		};
		EF21C868294C5FD900E3661D /* Movve */ = {
			isa = PBXGroup;
			children = (
				EF21C877294C5FD900E3661D /* Info.plist */,
				EF21C869294C5FD900E3661D /* AppDelegate.swift */,
				EF21C86B294C5FD900E3661D /* SceneDelegate.swift */,
				EFBE736D295B08D0009A5AAD /* AppConfiguration */,
				EFBE736C295B0880009A5AAD /* AppExtensions */,
				EF816A6D297FD4DA00A57A1A /* UI */,
				EF21C87E294C5FF300E3661D /* Models */,
				EF21C87F294C600100E3661D /* NetApi */,
				EF21C881294C602100E3661D /* Resources */,
			);
			path = Movve;
			sourceTree = "<group>";
		};
		EF21C87E294C5FF300E3661D /* Models */ = {
			isa = PBXGroup;
			children = (
				EF21C885294C610000E3661D /* Movie.swift */,
				EF21C887294C611000E3661D /* TVShow.swift */,
				EFE198A52971586200416997 /* CinemaItem.swift */,
			);
			path = Models;
			sourceTree = "<group>";
		};
		EF21C87F294C600100E3661D /* NetApi */ = {
			isa = PBXGroup;
			children = (
				EF3C242C295DD80800AD6A7A /* NetApiFacade.swift */,
				EFD442AB295F2C3000EA6775 /* NetDataParser.swift */,
				EF3C242E295DE9E500AD6A7A /* NetParseCinemaItems.swift */,
				EFD4429A295ED29500EA6775 /* NetParseDetails.swift */,
				EFD442A0295EDE5800EA6775 /* NetRequestActorCast.swift */,
				EF3C2432295DED1500AD6A7A /* NetImageLoader.swift */,
				EFD4429C295ED64300EA6775 /* NetRequester.swift */,
				EFD442A9295EF92800EA6775 /* URLGenerator.swift */,
				EF7694D4296C415100F4CC96 /* URLSessionManager.swift */,
				EFD442A7295EF91600EA6775 /* DI.swift */,
			);
			path = NetApi;
			sourceTree = "<group>";
		};
		EF21C881294C602100E3661D /* Resources */ = {
			isa = PBXGroup;
			children = (
				EF21C872294C5FD900E3661D /* Assets.xcassets */,
				EF21C882294C603900E3661D /* Storyboards */,
			);
			path = Resources;
			sourceTree = "<group>";
		};
		EF21C882294C603900E3661D /* Storyboards */ = {
			isa = PBXGroup;
			children = (
				EF21C86F294C5FD900E3661D /* Main.storyboard */,
				EF21C874294C5FD900E3661D /* LaunchScreen.storyboard */,
			);
			path = Storyboards;
			sourceTree = "<group>";
		};
		EF816A6D297FD4DA00A57A1A /* UI */ = {
			isa = PBXGroup;
			children = (
				EF816A6E297FD4EB00A57A1A /* HomePage */,
				EF816A6F297FD51D00A57A1A /* DetailsPage */,
				EFFB757729828EF500F009ED /* CommonPopUp */,
				EF816A70297FD54200A57A1A /* NavigationControllerTransition */,
				EF816A782980253900A57A1A /* ViewControllerTransition */,
				EF816A75297FF77E00A57A1A /* LoadingAnimator */,
			);
			path = UI;
			sourceTree = "<group>";
		};
		EF816A6E297FD4EB00A57A1A /* HomePage */ = {
			isa = PBXGroup;
			children = (
				EF21C86D294C5FD900E3661D /* HomeViewController.swift */,
				EF21C8A8294CB15F00E3661D /* CollectionHeader.swift */,
				EF21C8A0294C77CF00E3661D /* HomePageCollectionViewCell.swift */,
			);
			path = HomePage;
			sourceTree = "<group>";
		};
		EF816A6F297FD51D00A57A1A /* DetailsPage */ = {
			isa = PBXGroup;
			children = (
				EF21C897294C65F300E3661D /* DetailsViewController.swift */,
				EFD7ADD52951D148002E47B5 /* CastHorizontalCollectionViewCell.swift */,
			);
			name = DetailsPage;
			sourceTree = "<group>";
		};
		EF816A70297FD54200A57A1A /* NavigationControllerTransition */ = {
			isa = PBXGroup;
			children = (
				EF816A71297FD56C00A57A1A /* TransitionAnimator.swift */,
				EF816A73297FD67900A57A1A /* NavigationControllerDelegate.swift */,
			);
			path = NavigationControllerTransition;
			sourceTree = "<group>";
		};
		EF816A75297FF77E00A57A1A /* LoadingAnimator */ = {
			isa = PBXGroup;
			children = (
				EF816A76297FF79F00A57A1A /* LoadingAnimator.swift */,
			);
			path = LoadingAnimator;
			sourceTree = "<group>";
		};
		EF816A782980253900A57A1A /* ViewControllerTransition */ = {
			isa = PBXGroup;
			children = (
				EF30A9B029802B2D00F9EB72 /* PopUpPanelTransition.swift */,
				EF30A9B22980306F00F9EB72 /* PresentationController.swift */,
				EF30A9B4298031D100F9EB72 /* DimmPresentationController.swift */,
				EF30A9B6298033EC00F9EB72 /* PresentAnimation.swift */,
				EF30A9B8298035AD00F9EB72 /* DismissAnimation.swift */,
			);
			path = ViewControllerTransition;
			sourceTree = "<group>";
		};
		EFBE736C295B0880009A5AAD /* AppExtensions */ = {
			isa = PBXGroup;
			children = (
				EFBFCCFA29505E190006DD79 /* Extensions.swift */,
				EF21C893294C615E00E3661D /* DLog.swift */,
			);
			path = AppExtensions;
			sourceTree = "<group>";
		};
		EFBE736D295B08D0009A5AAD /* AppConfiguration */ = {
			isa = PBXGroup;
			children = (
				EF21C891294C615200E3661D /* AppConsts.swift */,
				EFBE736A295AF489009A5AAD /* AppNetConfig.swift */,
			);
			name = AppConfiguration;
			path = AppExtensions;
			sourceTree = "<group>";
		};
		EFFB757729828EF500F009ED /* CommonPopUp */ = {
			isa = PBXGroup;
			children = (
				EF816A7B298029F800A57A1A /* CommonPopUpViewController.swift */,
			);
			path = CommonPopUp;
			sourceTree = "<group>";
		};
/* End PBXGroup section */

/* Begin PBXNativeTarget section */
		EF21C865294C5FD900E3661D /* Movve */ = {
			isa = PBXNativeTarget;
			buildConfigurationList = EF21C87A294C5FD900E3661D /* Build configuration list for PBXNativeTarget "Movve" */;
			buildPhases = (
				EF21C862294C5FD900E3661D /* Sources */,
				EF21C863294C5FD900E3661D /* Frameworks */,
				EF21C864294C5FD900E3661D /* Resources */,
			);
			buildRules = (
			);
			dependencies = (
			);
			name = Movve;
			productName = Movve;
			productReference = EF21C866294C5FD900E3661D /* Movve.app */;
			productType = "com.apple.product-type.application";
		};
/* End PBXNativeTarget section */

/* Begin PBXProject section */
		EF21C85E294C5FD900E3661D /* Project object */ = {
			isa = PBXProject;
			attributes = {
				BuildIndependentTargetsInParallel = 1;
				LastSwiftUpdateCheck = 1420;
				LastUpgradeCheck = 1420;
				TargetAttributes = {
					EF21C865294C5FD900E3661D = {
						CreatedOnToolsVersion = 14.2;
					};
				};
			};
			buildConfigurationList = EF21C861294C5FD900E3661D /* Build configuration list for PBXProject "Movve" */;
			compatibilityVersion = "Xcode 14.0";
			developmentRegion = en;
			hasScannedForEncodings = 0;
			knownRegions = (
				en,
				Base,
			);
			mainGroup = EF21C85D294C5FD900E3661D;
			productRefGroup = EF21C867294C5FD900E3661D /* Products */;
			projectDirPath = "";
			projectRoot = "";
			targets = (
				EF21C865294C5FD900E3661D /* Movve */,
			);
		};
/* End PBXProject section */

/* Begin PBXResourcesBuildPhase section */
		EF21C864294C5FD900E3661D /* Resources */ = {
			isa = PBXResourcesBuildPhase;
			buildActionMask = 2147483647;
			files = (
				EF21C876294C5FD900E3661D /* LaunchScreen.storyboard in Resources */,
				EF21C873294C5FD900E3661D /* Assets.xcassets in Resources */,
				EF21C871294C5FD900E3661D /* Main.storyboard in Resources */,
			);
			runOnlyForDeploymentPostprocessing = 0;
		};
/* End PBXResourcesBuildPhase section */

/* Begin PBXSourcesBuildPhase section */
		EF21C862294C5FD900E3661D /* Sources */ = {
			isa = PBXSourcesBuildPhase;
			buildActionMask = 2147483647;
			files = (
				EFBFCCFB29505E190006DD79 /* Extensions.swift in Sources */,
				EF816A72297FD56C00A57A1A /* TransitionAnimator.swift in Sources */,
				EFD442A8295EF91600EA6775 /* DI.swift in Sources */,
				EF30A9B5298031D100F9EB72 /* DimmPresentationController.swift in Sources */,
				EFD4429B295ED29500EA6775 /* NetParseDetails.swift in Sources */,
				EFD442AA295EF92800EA6775 /* URLGenerator.swift in Sources */,
				EF30A9B32980306F00F9EB72 /* PresentationController.swift in Sources */,
				EF3C242D295DD80800AD6A7A /* NetApiFacade.swift in Sources */,
				EF816A74297FD67900A57A1A /* NavigationControllerDelegate.swift in Sources */,
				EF30A9B7298033EC00F9EB72 /* PresentAnimation.swift in Sources */,
				EF7694D5296C415100F4CC96 /* URLSessionManager.swift in Sources */,
				EF21C86E294C5FD900E3661D /* HomeViewController.swift in Sources */,
				EFBE736B295AF489009A5AAD /* AppNetConfig.swift in Sources */,
				EF21C8A1294C77CF00E3661D /* HomePageCollectionViewCell.swift in Sources */,
				EF816A77297FF79F00A57A1A /* LoadingAnimator.swift in Sources */,
				EFD4429D295ED64300EA6775 /* NetRequester.swift in Sources */,
				EF816A7C298029F800A57A1A /* CommonPopUpViewController.swift in Sources */,
				EF21C892294C615200E3661D /* AppConsts.swift in Sources */,
				EF21C894294C615E00E3661D /* DLog.swift in Sources */,
				EF21C8A9294CB15F00E3661D /* CollectionHeader.swift in Sources */,
				EFD442AC295F2C3000EA6775 /* NetDataParser.swift in Sources */,
				EF3C2433295DED1500AD6A7A /* NetImageLoader.swift in Sources */,
				EFD7ADD62951D149002E47B5 /* CastHorizontalCollectionViewCell.swift in Sources */,
				EFD442A1295EDE5800EA6775 /* NetRequestActorCast.swift in Sources */,
				EF21C86A294C5FD900E3661D /* AppDelegate.swift in Sources */,
				EFE198A62971586200416997 /* CinemaItem.swift in Sources */,
				EF21C86C294C5FD900E3661D /* SceneDelegate.swift in Sources */,
				EF3C242F295DE9E500AD6A7A /* NetParseCinemaItems.swift in Sources */,
				EF21C898294C65F300E3661D /* DetailsViewController.swift in Sources */,
				EF21C886294C610000E3661D /* Movie.swift in Sources */,
				EF30A9B9298035AD00F9EB72 /* DismissAnimation.swift in Sources */,
				EF30A9B129802B2D00F9EB72 /* PopUpPanelTransition.swift in Sources */,
				EF21C888294C611000E3661D /* TVShow.swift in Sources */,
			);
			runOnlyForDeploymentPostprocessing = 0;
		};
/* End PBXSourcesBuildPhase section */

/* Begin PBXVariantGroup section */
		EF21C86F294C5FD900E3661D /* Main.storyboard */ = {
			isa = PBXVariantGroup;
			children = (
				EF21C870294C5FD900E3661D /* Base */,
			);
			name = Main.storyboard;
			sourceTree = "<group>";
		};
		EF21C874294C5FD900E3661D /* LaunchScreen.storyboard */ = {
			isa = PBXVariantGroup;
			children = (
				EF21C875294C5FD900E3661D /* Base */,
			);
			name = LaunchScreen.storyboard;
			sourceTree = "<group>";
		};
/* End PBXVariantGroup section */

/* Begin XCBuildConfiguration section */
		EF21C878294C5FD900E3661D /* Debug */ = {
			isa = XCBuildConfiguration;
			buildSettings = {
				ALWAYS_SEARCH_USER_PATHS = NO;
				CLANG_ANALYZER_NONNULL = YES;
				CLANG_ANALYZER_NUMBER_OBJECT_CONVERSION = YES_AGGRESSIVE;
				CLANG_CXX_LANGUAGE_STANDARD = "gnu++20";
				CLANG_ENABLE_MODULES = YES;
				CLANG_ENABLE_OBJC_ARC = YES;
				CLANG_ENABLE_OBJC_WEAK = YES;
				CLANG_WARN_BLOCK_CAPTURE_AUTORELEASING = YES;
				CLANG_WARN_BOOL_CONVERSION = YES;
				CLANG_WARN_COMMA = YES;
				CLANG_WARN_CONSTANT_CONVERSION = YES;
				CLANG_WARN_DEPRECATED_OBJC_IMPLEMENTATIONS = YES;
				CLANG_WARN_DIRECT_OBJC_ISA_USAGE = YES_ERROR;
				CLANG_WARN_DOCUMENTATION_COMMENTS = YES;
				CLANG_WARN_EMPTY_BODY = YES;
				CLANG_WARN_ENUM_CONVERSION = YES;
				CLANG_WARN_INFINITE_RECURSION = YES;
				CLANG_WARN_INT_CONVERSION = YES;
				CLANG_WARN_NON_LITERAL_NULL_CONVERSION = YES;
				CLANG_WARN_OBJC_IMPLICIT_RETAIN_SELF = YES;
				CLANG_WARN_OBJC_LITERAL_CONVERSION = YES;
				CLANG_WARN_OBJC_ROOT_CLASS = YES_ERROR;
				CLANG_WARN_QUOTED_INCLUDE_IN_FRAMEWORK_HEADER = YES;
				CLANG_WARN_RANGE_LOOP_ANALYSIS = YES;
				CLANG_WARN_STRICT_PROTOTYPES = YES;
				CLANG_WARN_SUSPICIOUS_MOVE = YES;
				CLANG_WARN_UNGUARDED_AVAILABILITY = YES_AGGRESSIVE;
				CLANG_WARN_UNREACHABLE_CODE = YES;
				CLANG_WARN__DUPLICATE_METHOD_MATCH = YES;
				COPY_PHASE_STRIP = NO;
				DEBUG_INFORMATION_FORMAT = dwarf;
				ENABLE_STRICT_OBJC_MSGSEND = YES;
				ENABLE_TESTABILITY = YES;
				GCC_C_LANGUAGE_STANDARD = gnu11;
				GCC_DYNAMIC_NO_PIC = NO;
				GCC_NO_COMMON_BLOCKS = YES;
				GCC_OPTIMIZATION_LEVEL = 0;
				GCC_PREPROCESSOR_DEFINITIONS = (
					"DEBUG=1",
					"$(inherited)",
				);
				GCC_WARN_64_TO_32_BIT_CONVERSION = YES;
				GCC_WARN_ABOUT_RETURN_TYPE = YES_ERROR;
				GCC_WARN_UNDECLARED_SELECTOR = YES;
				GCC_WARN_UNINITIALIZED_AUTOS = YES_AGGRESSIVE;
				GCC_WARN_UNUSED_FUNCTION = YES;
				GCC_WARN_UNUSED_VARIABLE = YES;
				IPHONEOS_DEPLOYMENT_TARGET = 16.2;
				MTL_ENABLE_DEBUG_INFO = INCLUDE_SOURCE;
				MTL_FAST_MATH = YES;
				ONLY_ACTIVE_ARCH = YES;
				SDKROOT = iphoneos;
				SWIFT_ACTIVE_COMPILATION_CONDITIONS = DEBUG;
				SWIFT_OPTIMIZATION_LEVEL = "-Onone";
			};
			name = Debug;
		};
		EF21C879294C5FD900E3661D /* Release */ = {
			isa = XCBuildConfiguration;
			buildSettings = {
				ALWAYS_SEARCH_USER_PATHS = NO;
				CLANG_ANALYZER_NONNULL = YES;
				CLANG_ANALYZER_NUMBER_OBJECT_CONVERSION = YES_AGGRESSIVE;
				CLANG_CXX_LANGUAGE_STANDARD = "gnu++20";
				CLANG_ENABLE_MODULES = YES;
				CLANG_ENABLE_OBJC_ARC = YES;
				CLANG_ENABLE_OBJC_WEAK = YES;
				CLANG_WARN_BLOCK_CAPTURE_AUTORELEASING = YES;
				CLANG_WARN_BOOL_CONVERSION = YES;
				CLANG_WARN_COMMA = YES;
				CLANG_WARN_CONSTANT_CONVERSION = YES;
				CLANG_WARN_DEPRECATED_OBJC_IMPLEMENTATIONS = YES;
				CLANG_WARN_DIRECT_OBJC_ISA_USAGE = YES_ERROR;
				CLANG_WARN_DOCUMENTATION_COMMENTS = YES;
				CLANG_WARN_EMPTY_BODY = YES;
				CLANG_WARN_ENUM_CONVERSION = YES;
				CLANG_WARN_INFINITE_RECURSION = YES;
				CLANG_WARN_INT_CONVERSION = YES;
				CLANG_WARN_NON_LITERAL_NULL_CONVERSION = YES;
				CLANG_WARN_OBJC_IMPLICIT_RETAIN_SELF = YES;
				CLANG_WARN_OBJC_LITERAL_CONVERSION = YES;
				CLANG_WARN_OBJC_ROOT_CLASS = YES_ERROR;
				CLANG_WARN_QUOTED_INCLUDE_IN_FRAMEWORK_HEADER = YES;
				CLANG_WARN_RANGE_LOOP_ANALYSIS = YES;
				CLANG_WARN_STRICT_PROTOTYPES = YES;
				CLANG_WARN_SUSPICIOUS_MOVE = YES;
				CLANG_WARN_UNGUARDED_AVAILABILITY = YES_AGGRESSIVE;
				CLANG_WARN_UNREACHABLE_CODE = YES;
				CLANG_WARN__DUPLICATE_METHOD_MATCH = YES;
				COPY_PHASE_STRIP = NO;
				DEBUG_INFORMATION_FORMAT = "dwarf-with-dsym";
				ENABLE_NS_ASSERTIONS = NO;
				ENABLE_STRICT_OBJC_MSGSEND = YES;
				GCC_C_LANGUAGE_STANDARD = gnu11;
				GCC_NO_COMMON_BLOCKS = YES;
				GCC_WARN_64_TO_32_BIT_CONVERSION = YES;
				GCC_WARN_ABOUT_RETURN_TYPE = YES_ERROR;
				GCC_WARN_UNDECLARED_SELECTOR = YES;
				GCC_WARN_UNINITIALIZED_AUTOS = YES_AGGRESSIVE;
				GCC_WARN_UNUSED_FUNCTION = YES;
				GCC_WARN_UNUSED_VARIABLE = YES;
				IPHONEOS_DEPLOYMENT_TARGET = 16.2;
				MTL_ENABLE_DEBUG_INFO = NO;
				MTL_FAST_MATH = YES;
				SDKROOT = iphoneos;
				SWIFT_COMPILATION_MODE = wholemodule;
				SWIFT_OPTIMIZATION_LEVEL = "-O";
				VALIDATE_PRODUCT = YES;
			};
			name = Release;
		};
		EF21C87B294C5FD900E3661D /* Debug */ = {
			isa = XCBuildConfiguration;
			buildSettings = {
				ASSETCATALOG_COMPILER_APPICON_NAME = AppIcon;
				ASSETCATALOG_COMPILER_GLOBAL_ACCENT_COLOR_NAME = AccentColor;
				CODE_SIGN_STYLE = Automatic;
				CURRENT_PROJECT_VERSION = 1;
				DEVELOPMENT_TEAM = T6G9TGF6UU;
				GENERATE_INFOPLIST_FILE = YES;
				INFOPLIST_FILE = Movve/Info.plist;
				INFOPLIST_KEY_UIApplicationSupportsIndirectInputEvents = YES;
				INFOPLIST_KEY_UILaunchStoryboardName = LaunchScreen;
				INFOPLIST_KEY_UIMainStoryboardFile = Main;
				INFOPLIST_KEY_UIStatusBarStyle = "";
				INFOPLIST_KEY_UISupportedInterfaceOrientations = UIInterfaceOrientationPortrait;
				INFOPLIST_KEY_UISupportedInterfaceOrientations_iPad = "UIInterfaceOrientationLandscapeLeft UIInterfaceOrientationLandscapeRight UIInterfaceOrientationPortrait UIInterfaceOrientationPortraitUpsideDown";
				INFOPLIST_KEY_UIUserInterfaceStyle = Dark;
				IPHONEOS_DEPLOYMENT_TARGET = 15.1;
				LD_RUNPATH_SEARCH_PATHS = (
					"$(inherited)",
					"@executable_path/Frameworks",
				);
				MARKETING_VERSION = 1.0;
				PRODUCT_BUNDLE_IDENTIFIER = com.FrukTiK.Movve;
				PRODUCT_NAME = "$(TARGET_NAME)";
				SUPPORTED_PLATFORMS = "iphoneos iphonesimulator";
				SUPPORTS_MACCATALYST = NO;
				SUPPORTS_MAC_DESIGNED_FOR_IPHONE_IPAD = NO;
				SWIFT_EMIT_LOC_STRINGS = YES;
				SWIFT_VERSION = 5.0;
				TARGETED_DEVICE_FAMILY = 1;
			};
			name = Debug;
		};
		EF21C87C294C5FD900E3661D /* Release */ = {
			isa = XCBuildConfiguration;
			buildSettings = {
				ASSETCATALOG_COMPILER_APPICON_NAME = AppIcon;
				ASSETCATALOG_COMPILER_GLOBAL_ACCENT_COLOR_NAME = AccentColor;
				CODE_SIGN_STYLE = Automatic;
				CURRENT_PROJECT_VERSION = 1;
				DEVELOPMENT_TEAM = T6G9TGF6UU;
				GENERATE_INFOPLIST_FILE = YES;
				INFOPLIST_FILE = Movve/Info.plist;
				INFOPLIST_KEY_UIApplicationSupportsIndirectInputEvents = YES;
				INFOPLIST_KEY_UILaunchStoryboardName = LaunchScreen;
				INFOPLIST_KEY_UIMainStoryboardFile = Main;
				INFOPLIST_KEY_UIStatusBarStyle = "";
				INFOPLIST_KEY_UISupportedInterfaceOrientations = UIInterfaceOrientationPortrait;
				INFOPLIST_KEY_UISupportedInterfaceOrientations_iPad = "UIInterfaceOrientationLandscapeLeft UIInterfaceOrientationLandscapeRight UIInterfaceOrientationPortrait UIInterfaceOrientationPortraitUpsideDown";
				INFOPLIST_KEY_UIUserInterfaceStyle = Dark;
				IPHONEOS_DEPLOYMENT_TARGET = 15.1;
				LD_RUNPATH_SEARCH_PATHS = (
					"$(inherited)",
					"@executable_path/Frameworks",
				);
				MARKETING_VERSION = 1.0;
				PRODUCT_BUNDLE_IDENTIFIER = com.FrukTiK.Movve;
				PRODUCT_NAME = "$(TARGET_NAME)";
				SUPPORTED_PLATFORMS = "iphoneos iphonesimulator";
				SUPPORTS_MACCATALYST = NO;
				SUPPORTS_MAC_DESIGNED_FOR_IPHONE_IPAD = NO;
				SWIFT_EMIT_LOC_STRINGS = YES;
				SWIFT_VERSION = 5.0;
				TARGETED_DEVICE_FAMILY = 1;
			};
			name = Release;
		};
/* End XCBuildConfiguration section */

/* Begin XCConfigurationList section */
		EF21C861294C5FD900E3661D /* Build configuration list for PBXProject "Movve" */ = {
			isa = XCConfigurationList;
			buildConfigurations = (
				EF21C878294C5FD900E3661D /* Debug */,
				EF21C879294C5FD900E3661D /* Release */,
			);
			defaultConfigurationIsVisible = 0;
			defaultConfigurationName = Release;
		};
		EF21C87A294C5FD900E3661D /* Build configuration list for PBXNativeTarget "Movve" */ = {
			isa = XCConfigurationList;
			buildConfigurations = (
				EF21C87B294C5FD900E3661D /* Debug */,
				EF21C87C294C5FD900E3661D /* Release */,
			);
			defaultConfigurationIsVisible = 0;
			defaultConfigurationName = Release;
		};
/* End XCConfigurationList section */
	};
	rootObject = EF21C85E294C5FD900E3661D /* Project object */;
}
